
Microsoft Visual Studio Solution File, Format Version 12.00
Project("{FAE04EC0-301F-11D3-BF4B-00C04F79EFBC}") = "PDMF.Functions.Parse", "PDMF.Functions.Parse\PDMF.Functions.Parse.csproj", "{885A55D5-B43D-4A82-BA81-DBD03C7E1D76}"
EndProject
Global
	GlobalSection(SolutionConfigurationPlatforms) = preSolution
		Debug|Any CPU = Debug|Any CPU
		Release|Any CPU = Release|Any CPU
	EndGlobalSection
	GlobalSection(ProjectConfigurationPlatforms) = postSolution
		{885A55D5-B43D-4A82-BA81-DBD03C7E1D76}.Debug|Any CPU.ActiveCfg = Debug|Any CPU
		{885A55D5-B43D-4A82-BA81-DBD03C7E1D76}.Debug|Any CPU.Build.0 = Debug|Any CPU
		{885A55D5-B43D-4A82-BA81-DBD03C7E1D76}.Release|Any CPU.ActiveCfg = Release|Any CPU
		{885A55D5-B43D-4A82-BA81-DBD03C7E1D76}.Release|Any CPU.Build.0 = Release|Any CPU
	EndGlobalSection
EndGlobal
